// !$*UTF8*$!
{
	archiveVersion = 1;
	classes = {
	};
	objectVersion = 46;
	objects = {

/* Begin PBXBuildFile section */
		221E5BA41730D778000B9A9C /* PTN57F.ttf in Resources */ = {isa = PBXBuildFile; fileRef = 221E5BA31730D778000B9A9C /* PTN57F.ttf */; };
		22213F02173D415600672634 /* SystemConfiguration.framework in Frameworks */ = {isa = PBXBuildFile; fileRef = 22213F01173D415600672634 /* SystemConfiguration.framework */; };
		22213F08173D509100672634 /* menu_favorites.png in Resources */ = {isa = PBXBuildFile; fileRef = 22213F05173D509100672634 /* menu_favorites.png */; };
		22213F09173D509100672634 /* menu_home.png in Resources */ = {isa = PBXBuildFile; fileRef = 22213F06173D509100672634 /* menu_home.png */; };
		22213F0A173D509100672634 /* menu_program.png in Resources */ = {isa = PBXBuildFile; fileRef = 22213F07173D509100672634 /* menu_program.png */; };
		22213F0C173D514700672634 /* menu_about.png in Resources */ = {isa = PBXBuildFile; fileRef = 22213F0B173D514700672634 /* menu_about.png */; };
		22213F0F173E201A00672634 /* GFParkingListViewController.m in Sources */ = {isa = PBXBuildFile; fileRef = 22213F0E173E201A00672634 /* GFParkingListViewController.m */; };
		22213F12173E255D00672634 /* GFAPIClient.m in Sources */ = {isa = PBXBuildFile; fileRef = 22213F11173E255D00672634 /* GFAPIClient.m */; };
		22213F14173E4F2600672634 /* selectedBack.png in Resources */ = {isa = PBXBuildFile; fileRef = 22213F13173E4F2600672634 /* selectedBack.png */; };
		22213F17173E511C00672634 /* tableBottom.png in Resources */ = {isa = PBXBuildFile; fileRef = 22213F15173E511C00672634 /* tableBottom.png */; };
		22213F18173E511C00672634 /* tableTop.png in Resources */ = {isa = PBXBuildFile; fileRef = 22213F16173E511C00672634 /* tableTop.png */; };
		22213F1B173E559C00672634 /* back.png in Resources */ = {isa = PBXBuildFile; fileRef = 22213F19173E559B00672634 /* back.png */; };
		22213F1C173E559C00672634 /* back@2x.png in Resources */ = {isa = PBXBuildFile; fileRef = 22213F1A173E559B00672634 /* back@2x.png */; };
		22213F1F173E5B8700672634 /* GFParkingDetailViewController.m in Sources */ = {isa = PBXBuildFile; fileRef = 22213F1E173E5B8600672634 /* GFParkingDetailViewController.m */; };
		224E9CAE173CC61200F53410 /* icon.png in Resources */ = {isa = PBXBuildFile; fileRef = 224E9CAD173CC61200F53410 /* icon.png */; };
		224E9CB0173CC61700F53410 /* icon@2x.png in Resources */ = {isa = PBXBuildFile; fileRef = 224E9CAF173CC61700F53410 /* icon@2x.png */; };
		224E9CB6173CC6E500F53410 /* Default-568h@2x.png in Resources */ = {isa = PBXBuildFile; fileRef = 224E9CB5173CC6E500F53410 /* Default-568h@2x.png */; };
		224E9CB8173CC6EB00F53410 /* Default@2x.png in Resources */ = {isa = PBXBuildFile; fileRef = 224E9CB7173CC6EB00F53410 /* Default@2x.png */; };
		224E9CBA173CC6F000F53410 /* Default.png in Resources */ = {isa = PBXBuildFile; fileRef = 224E9CB9173CC6F000F53410 /* Default.png */; };
		22AD52EB1730324400EC5009 /* UIKit.framework in Frameworks */ = {isa = PBXBuildFile; fileRef = 22AD52EA1730324400EC5009 /* UIKit.framework */; };
		22AD52ED1730324400EC5009 /* Foundation.framework in Frameworks */ = {isa = PBXBuildFile; fileRef = 22AD52EC1730324400EC5009 /* Foundation.framework */; };
		22AD52EF1730324400EC5009 /* CoreGraphics.framework in Frameworks */ = {isa = PBXBuildFile; fileRef = 22AD52EE1730324400EC5009 /* CoreGraphics.framework */; };
		22AD52F51730324400EC5009 /* InfoPlist.strings in Resources */ = {isa = PBXBuildFile; fileRef = 22AD52F31730324400EC5009 /* InfoPlist.strings */; };
		22AD52F71730324400EC5009 /* main.m in Sources */ = {isa = PBXBuildFile; fileRef = 22AD52F61730324400EC5009 /* main.m */; };
		22AD52FB1730324400EC5009 /* GFAppDelegate.m in Sources */ = {isa = PBXBuildFile; fileRef = 22AD52FA1730324400EC5009 /* GFAppDelegate.m */; };
		22AD52FD1730324400EC5009 /* Default.png in Resources */ = {isa = PBXBuildFile; fileRef = 22AD52FC1730324400EC5009 /* Default.png */; };
		22AD52FF1730324400EC5009 /* Default@2x.png in Resources */ = {isa = PBXBuildFile; fileRef = 22AD52FE1730324400EC5009 /* Default@2x.png */; };
		22AD53011730324400EC5009 /* Default-568h@2x.png in Resources */ = {isa = PBXBuildFile; fileRef = 22AD53001730324400EC5009 /* Default-568h@2x.png */; };
		22AD530F1730345400EC5009 /* GFCustomViewController.m in Sources */ = {isa = PBXBuildFile; fileRef = 22AD530E1730345400EC5009 /* GFCustomViewController.m */; };
		22AD53121730347700EC5009 /* GFMenuViewController.m in Sources */ = {isa = PBXBuildFile; fileRef = 22AD53111730347700EC5009 /* GFMenuViewController.m */; };
		22AD53161730349800EC5009 /* GFNavigationViewController.m in Sources */ = {isa = PBXBuildFile; fileRef = 22AD53151730349800EC5009 /* GFNavigationViewController.m */; };
		22AD531C1730378900EC5009 /* GFCustomNavBar.m in Sources */ = {isa = PBXBuildFile; fileRef = 22AD53191730378900EC5009 /* GFCustomNavBar.m */; };
		22AD531D1730378900EC5009 /* GFCustomToolBar.m in Sources */ = {isa = PBXBuildFile; fileRef = 22AD531B1730378900EC5009 /* GFCustomToolBar.m */; };
		22AD53221730403900EC5009 /* fav.png in Resources */ = {isa = PBXBuildFile; fileRef = 22AD531E1730403900EC5009 /* fav.png */; };
		22AD53231730403900EC5009 /* fav@2x.png in Resources */ = {isa = PBXBuildFile; fileRef = 22AD531F1730403900EC5009 /* fav@2x.png */; };
		22AD53241730403900EC5009 /* list.png in Resources */ = {isa = PBXBuildFile; fileRef = 22AD53201730403900EC5009 /* list.png */; };
		22AD53251730403900EC5009 /* list@2x.png in Resources */ = {isa = PBXBuildFile; fileRef = 22AD53211730403900EC5009 /* list@2x.png */; };
		22AD53281730406F00EC5009 /* GFHomeViewController.m in Sources */ = {isa = PBXBuildFile; fileRef = 22AD53271730406F00EC5009 /* GFHomeViewController.m */; };
		22AD532B1730463900EC5009 /* GFFavoritesViewController.m in Sources */ = {isa = PBXBuildFile; fileRef = 22AD532A1730463900EC5009 /* GFFavoritesViewController.m */; };
		22B07F1317364F47009FF4AB /* GFFavoritesModalViewController.m in Sources */ = {isa = PBXBuildFile; fileRef = 22B07F1217364F47009FF4AB /* GFFavoritesModalViewController.m */; };
		22B07F1617365139009FF4AB /* GFProgramViewController.m in Sources */ = {isa = PBXBuildFile; fileRef = 22B07F1517365139009FF4AB /* GFProgramViewController.m */; };
		22B07F1817365DBC009FF4AB /* QuartzCore.framework in Frameworks */ = {isa = PBXBuildFile; fileRef = 22B07F1717365DBC009FF4AB /* QuartzCore.framework */; };
		22B07F1B17365F41009FF4AB /* GFCalendarCategoryViewController.m in Sources */ = {isa = PBXBuildFile; fileRef = 22B07F1A17365F41009FF4AB /* GFCalendarCategoryViewController.m */; };
		22B07F1E17365F5E009FF4AB /* GFCalendarFreeViewController.m in Sources */ = {isa = PBXBuildFile; fileRef = 22B07F1D17365F5E009FF4AB /* GFCalendarFreeViewController.m */; };
		22B07F2117365F74009FF4AB /* GFCalendarFestivalViewController.m in Sources */ = {isa = PBXBuildFile; fileRef = 22B07F2017365F74009FF4AB /* GFCalendarFestivalViewController.m */; };
		22C055091730F4E900A469CD /* GFCustomLabel.m in Sources */ = {isa = PBXBuildFile; fileRef = 22C055081730F4E900A469CD /* GFCustomLabel.m */; };
		22C0550C1730F60700A469CD /* GFCustomYellowLabel.m in Sources */ = {isa = PBXBuildFile; fileRef = 22C0550B1730F60700A469CD /* GFCustomYellowLabel.m */; };
		22C0550F1730FCFB00A469CD /* cellbackground.png in Resources */ = {isa = PBXBuildFile; fileRef = 22C0550D1730FCFB00A469CD /* cellbackground.png */; };
		22C055101730FCFB00A469CD /* cellbackground@2x.png in Resources */ = {isa = PBXBuildFile; fileRef = 22C0550E1730FCFB00A469CD /* cellbackground@2x.png */; };
		22C924D117350F6B00C4BF81 /* PTN77F.ttf in Resources */ = {isa = PBXBuildFile; fileRef = 22C924D017350F6B00C4BF81 /* PTN77F.ttf */; };
		22C924D3173517A400C4BF81 /* home.png in Resources */ = {isa = PBXBuildFile; fileRef = 22C924D2173517A400C4BF81 /* home.png */; };
		22C924DE1735392C00C4BF81 /* GFPoiMapViewController.m in Sources */ = {isa = PBXBuildFile; fileRef = 22C924DD1735392C00C4BF81 /* GFPoiMapViewController.m */; };
		22C924E017353D0A00C4BF81 /* MapKit.framework in Frameworks */ = {isa = PBXBuildFile; fileRef = 22C924DF17353D0A00C4BF81 /* MapKit.framework */; };
		22C924E317363C8B00C4BF81 /* GFAboutViewController.m in Sources */ = {isa = PBXBuildFile; fileRef = 22C924E217363C8B00C4BF81 /* GFAboutViewController.m */; };
		22C924E61736403600C4BF81 /* GFSettingsViewController.m in Sources */ = {isa = PBXBuildFile; fileRef = 22C924E51736403500C4BF81 /* GFSettingsViewController.m */; };
		22CFEC50173B936400C48AAE /* CoreData.framework in Frameworks */ = {isa = PBXBuildFile; fileRef = 22CFEC4F173B936400C48AAE /* CoreData.framework */; };
		22CFEC54173B940D00C48AAE /* Events.xcdatamodeld in Sources */ = {isa = PBXBuildFile; fileRef = 22CFEC52173B940D00C48AAE /* Events.xcdatamodeld */; };
		22FA40C9173F7C46009B3B01 /* GFMenu.m in Sources */ = {isa = PBXBuildFile; fileRef = 22FA40C8173F7C46009B3B01 /* GFMenu.m */; };
		22FA40CC173F8C46009B3B01 /* GFCustomCell.m in Sources */ = {isa = PBXBuildFile; fileRef = 22FA40CB173F8C46009B3B01 /* GFCustomCell.m */; };
		22FA40CF173FA475009B3B01 /* GFParkingsCustomCell.m in Sources */ = {isa = PBXBuildFile; fileRef = 22FA40CE173FA475009B3B01 /* GFParkingsCustomCell.m */; };
		22FA40D5173FAAD5009B3B01 /* GFPracticalViewController.m in Sources */ = {isa = PBXBuildFile; fileRef = 22FA40D4173FAAD5009B3B01 /* GFPracticalViewController.m */; };
		47F4B48CE43B4A1C971368DB /* libPods.a in Frameworks */ = {isa = PBXBuildFile; fileRef = FCD991ADD3EF40AD8F394E1A /* libPods.a */; };
/* End PBXBuildFile section */

/* Begin PBXFileReference section */
		221E5BA31730D778000B9A9C /* PTN57F.ttf */ = {isa = PBXFileReference; lastKnownFileType = file; path = PTN57F.ttf; sourceTree = "<group>"; };
		22213F01173D415600672634 /* SystemConfiguration.framework */ = {isa = PBXFileReference; lastKnownFileType = wrapper.framework; name = SystemConfiguration.framework; path = System/Library/Frameworks/SystemConfiguration.framework; sourceTree = SDKROOT; };
		22213F05173D509100672634 /* menu_favorites.png */ = {isa = PBXFileReference; lastKnownFileType = image.png; path = menu_favorites.png; sourceTree = "<group>"; };
		22213F06173D509100672634 /* menu_home.png */ = {isa = PBXFileReference; lastKnownFileType = image.png; path = menu_home.png; sourceTree = "<group>"; };
		22213F07173D509100672634 /* menu_program.png */ = {isa = PBXFileReference; lastKnownFileType = image.png; path = menu_program.png; sourceTree = "<group>"; };
		22213F0B173D514700672634 /* menu_about.png */ = {isa = PBXFileReference; lastKnownFileType = image.png; path = menu_about.png; sourceTree = "<group>"; };
		22213F0D173E201A00672634 /* GFParkingListViewController.h */ = {isa = PBXFileReference; fileEncoding = 4; lastKnownFileType = sourcecode.c.h; path = GFParkingListViewController.h; sourceTree = "<group>"; };
		22213F0E173E201A00672634 /* GFParkingListViewController.m */ = {isa = PBXFileReference; fileEncoding = 4; lastKnownFileType = sourcecode.c.objc; path = GFParkingListViewController.m; sourceTree = "<group>"; };
		22213F10173E255D00672634 /* GFAPIClient.h */ = {isa = PBXFileReference; fileEncoding = 4; lastKnownFileType = sourcecode.c.h; path = GFAPIClient.h; sourceTree = "<group>"; };
		22213F11173E255D00672634 /* GFAPIClient.m */ = {isa = PBXFileReference; fileEncoding = 4; lastKnownFileType = sourcecode.c.objc; path = GFAPIClient.m; sourceTree = "<group>"; };
		22213F13173E4F2600672634 /* selectedBack.png */ = {isa = PBXFileReference; lastKnownFileType = image.png; path = selectedBack.png; sourceTree = "<group>"; };
		22213F15173E511C00672634 /* tableBottom.png */ = {isa = PBXFileReference; lastKnownFileType = image.png; path = tableBottom.png; sourceTree = "<group>"; };
		22213F16173E511C00672634 /* tableTop.png */ = {isa = PBXFileReference; lastKnownFileType = image.png; path = tableTop.png; sourceTree = "<group>"; };
		22213F19173E559B00672634 /* back.png */ = {isa = PBXFileReference; lastKnownFileType = image.png; path = back.png; sourceTree = "<group>"; };
		22213F1A173E559B00672634 /* back@2x.png */ = {isa = PBXFileReference; lastKnownFileType = image.png; path = "back@2x.png"; sourceTree = "<group>"; };
		22213F1D173E5B8600672634 /* GFParkingDetailViewController.h */ = {isa = PBXFileReference; fileEncoding = 4; lastKnownFileType = sourcecode.c.h; path = GFParkingDetailViewController.h; sourceTree = "<group>"; };
		22213F1E173E5B8600672634 /* GFParkingDetailViewController.m */ = {isa = PBXFileReference; fileEncoding = 4; lastKnownFileType = sourcecode.c.objc; path = GFParkingDetailViewController.m; sourceTree = "<group>"; };
		224E9CAD173CC61200F53410 /* icon.png */ = {isa = PBXFileReference; lastKnownFileType = image.png; name = icon.png; path = ../../icon.png; sourceTree = "<group>"; };
		224E9CAF173CC61700F53410 /* icon@2x.png */ = {isa = PBXFileReference; lastKnownFileType = image.png; name = "icon@2x.png"; path = "../../icon@2x.png"; sourceTree = "<group>"; };
		224E9CB5173CC6E500F53410 /* Default-568h@2x.png */ = {isa = PBXFileReference; lastKnownFileType = image.png; name = "Default-568h@2x.png"; path = "../../Default-568h@2x.png"; sourceTree = "<group>"; };
		224E9CB7173CC6EB00F53410 /* Default@2x.png */ = {isa = PBXFileReference; lastKnownFileType = image.png; name = "Default@2x.png"; path = "../../Default@2x.png"; sourceTree = "<group>"; };
		224E9CB9173CC6F000F53410 /* Default.png */ = {isa = PBXFileReference; lastKnownFileType = image.png; name = Default.png; path = ../../Default.png; sourceTree = "<group>"; };
		22AD52E71730324400EC5009 /* Gentse Feesten 2013.app */ = {isa = PBXFileReference; explicitFileType = wrapper.application; includeInIndex = 0; path = "Gentse Feesten 2013.app"; sourceTree = BUILT_PRODUCTS_DIR; };
		22AD52EA1730324400EC5009 /* UIKit.framework */ = {isa = PBXFileReference; lastKnownFileType = wrapper.framework; name = UIKit.framework; path = System/Library/Frameworks/UIKit.framework; sourceTree = SDKROOT; };
		22AD52EC1730324400EC5009 /* Foundation.framework */ = {isa = PBXFileReference; lastKnownFileType = wrapper.framework; name = Foundation.framework; path = System/Library/Frameworks/Foundation.framework; sourceTree = SDKROOT; };
		22AD52EE1730324400EC5009 /* CoreGraphics.framework */ = {isa = PBXFileReference; lastKnownFileType = wrapper.framework; name = CoreGraphics.framework; path = System/Library/Frameworks/CoreGraphics.framework; sourceTree = SDKROOT; };
		22AD52F21730324400EC5009 /* Gentse Feesten 2013-Info.plist */ = {isa = PBXFileReference; lastKnownFileType = text.plist.xml; path = "Gentse Feesten 2013-Info.plist"; sourceTree = "<group>"; };
		22AD52F41730324400EC5009 /* en */ = {isa = PBXFileReference; lastKnownFileType = text.plist.strings; name = en; path = en.lproj/InfoPlist.strings; sourceTree = "<group>"; };
		22AD52F61730324400EC5009 /* main.m */ = {isa = PBXFileReference; lastKnownFileType = sourcecode.c.objc; path = main.m; sourceTree = "<group>"; };
		22AD52F81730324400EC5009 /* Gentse Feesten 2013-Prefix.pch */ = {isa = PBXFileReference; lastKnownFileType = sourcecode.c.h; path = "Gentse Feesten 2013-Prefix.pch"; sourceTree = "<group>"; };
		22AD52F91730324400EC5009 /* GFAppDelegate.h */ = {isa = PBXFileReference; lastKnownFileType = sourcecode.c.h; path = GFAppDelegate.h; sourceTree = "<group>"; };
		22AD52FA1730324400EC5009 /* GFAppDelegate.m */ = {isa = PBXFileReference; lastKnownFileType = sourcecode.c.objc; path = GFAppDelegate.m; sourceTree = "<group>"; };
		22AD52FC1730324400EC5009 /* Default.png */ = {isa = PBXFileReference; lastKnownFileType = image.png; path = Default.png; sourceTree = "<group>"; };
		22AD52FE1730324400EC5009 /* Default@2x.png */ = {isa = PBXFileReference; lastKnownFileType = image.png; path = "Default@2x.png"; sourceTree = "<group>"; };
		22AD53001730324400EC5009 /* Default-568h@2x.png */ = {isa = PBXFileReference; lastKnownFileType = image.png; path = "Default-568h@2x.png"; sourceTree = "<group>"; };
		22AD530D1730345400EC5009 /* GFCustomViewController.h */ = {isa = PBXFileReference; fileEncoding = 4; lastKnownFileType = sourcecode.c.h; path = GFCustomViewController.h; sourceTree = "<group>"; };
		22AD530E1730345400EC5009 /* GFCustomViewController.m */ = {isa = PBXFileReference; fileEncoding = 4; lastKnownFileType = sourcecode.c.objc; path = GFCustomViewController.m; sourceTree = "<group>"; };
		22AD53101730347700EC5009 /* GFMenuViewController.h */ = {isa = PBXFileReference; fileEncoding = 4; lastKnownFileType = sourcecode.c.h; path = GFMenuViewController.h; sourceTree = "<group>"; };
		22AD53111730347700EC5009 /* GFMenuViewController.m */ = {isa = PBXFileReference; fileEncoding = 4; lastKnownFileType = sourcecode.c.objc; path = GFMenuViewController.m; sourceTree = "<group>"; };
		22AD53141730349800EC5009 /* GFNavigationViewController.h */ = {isa = PBXFileReference; fileEncoding = 4; lastKnownFileType = sourcecode.c.h; path = GFNavigationViewController.h; sourceTree = "<group>"; };
		22AD53151730349800EC5009 /* GFNavigationViewController.m */ = {isa = PBXFileReference; fileEncoding = 4; lastKnownFileType = sourcecode.c.objc; path = GFNavigationViewController.m; sourceTree = "<group>"; };
		22AD5317173036F900EC5009 /* GFGlobal.h */ = {isa = PBXFileReference; lastKnownFileType = sourcecode.c.h; path = GFGlobal.h; sourceTree = "<group>"; };
		22AD53181730378900EC5009 /* GFCustomNavBar.h */ = {isa = PBXFileReference; fileEncoding = 4; lastKnownFileType = sourcecode.c.h; path = GFCustomNavBar.h; sourceTree = "<group>"; };
		22AD53191730378900EC5009 /* GFCustomNavBar.m */ = {isa = PBXFileReference; fileEncoding = 4; lastKnownFileType = sourcecode.c.objc; path = GFCustomNavBar.m; sourceTree = "<group>"; };
		22AD531A1730378900EC5009 /* GFCustomToolBar.h */ = {isa = PBXFileReference; fileEncoding = 4; lastKnownFileType = sourcecode.c.h; path = GFCustomToolBar.h; sourceTree = "<group>"; };
		22AD531B1730378900EC5009 /* GFCustomToolBar.m */ = {isa = PBXFileReference; fileEncoding = 4; lastKnownFileType = sourcecode.c.objc; path = GFCustomToolBar.m; sourceTree = "<group>"; };
		22AD531E1730403900EC5009 /* fav.png */ = {isa = PBXFileReference; lastKnownFileType = image.png; path = fav.png; sourceTree = "<group>"; };
		22AD531F1730403900EC5009 /* fav@2x.png */ = {isa = PBXFileReference; lastKnownFileType = image.png; path = "fav@2x.png"; sourceTree = "<group>"; };
		22AD53201730403900EC5009 /* list.png */ = {isa = PBXFileReference; lastKnownFileType = image.png; path = list.png; sourceTree = "<group>"; };
		22AD53211730403900EC5009 /* list@2x.png */ = {isa = PBXFileReference; lastKnownFileType = image.png; path = "list@2x.png"; sourceTree = "<group>"; };
		22AD53261730406F00EC5009 /* GFHomeViewController.h */ = {isa = PBXFileReference; fileEncoding = 4; lastKnownFileType = sourcecode.c.h; path = GFHomeViewController.h; sourceTree = "<group>"; };
		22AD53271730406F00EC5009 /* GFHomeViewController.m */ = {isa = PBXFileReference; fileEncoding = 4; lastKnownFileType = sourcecode.c.objc; path = GFHomeViewController.m; sourceTree = "<group>"; };
		22AD53291730463900EC5009 /* GFFavoritesViewController.h */ = {isa = PBXFileReference; fileEncoding = 4; lastKnownFileType = sourcecode.c.h; path = GFFavoritesViewController.h; sourceTree = "<group>"; };
		22AD532A1730463900EC5009 /* GFFavoritesViewController.m */ = {isa = PBXFileReference; fileEncoding = 4; lastKnownFileType = sourcecode.c.objc; path = GFFavoritesViewController.m; sourceTree = "<group>"; };
		22B07F1117364F47009FF4AB /* GFFavoritesModalViewController.h */ = {isa = PBXFileReference; fileEncoding = 4; lastKnownFileType = sourcecode.c.h; path = GFFavoritesModalViewController.h; sourceTree = "<group>"; };
		22B07F1217364F47009FF4AB /* GFFavoritesModalViewController.m */ = {isa = PBXFileReference; fileEncoding = 4; lastKnownFileType = sourcecode.c.objc; path = GFFavoritesModalViewController.m; sourceTree = "<group>"; };
		22B07F1417365139009FF4AB /* GFProgramViewController.h */ = {isa = PBXFileReference; fileEncoding = 4; lastKnownFileType = sourcecode.c.h; path = GFProgramViewController.h; sourceTree = "<group>"; };
		22B07F1517365139009FF4AB /* GFProgramViewController.m */ = {isa = PBXFileReference; fileEncoding = 4; lastKnownFileType = sourcecode.c.objc; path = GFProgramViewController.m; sourceTree = "<group>"; };
		22B07F1717365DBC009FF4AB /* QuartzCore.framework */ = {isa = PBXFileReference; lastKnownFileType = wrapper.framework; name = QuartzCore.framework; path = System/Library/Frameworks/QuartzCore.framework; sourceTree = SDKROOT; };
		22B07F1917365F41009FF4AB /* GFCalendarCategoryViewController.h */ = {isa = PBXFileReference; fileEncoding = 4; lastKnownFileType = sourcecode.c.h; path = GFCalendarCategoryViewController.h; sourceTree = "<group>"; };
		22B07F1A17365F41009FF4AB /* GFCalendarCategoryViewController.m */ = {isa = PBXFileReference; fileEncoding = 4; lastKnownFileType = sourcecode.c.objc; path = GFCalendarCategoryViewController.m; sourceTree = "<group>"; };
		22B07F1C17365F5E009FF4AB /* GFCalendarFreeViewController.h */ = {isa = PBXFileReference; fileEncoding = 4; lastKnownFileType = sourcecode.c.h; path = GFCalendarFreeViewController.h; sourceTree = "<group>"; };
		22B07F1D17365F5E009FF4AB /* GFCalendarFreeViewController.m */ = {isa = PBXFileReference; fileEncoding = 4; lastKnownFileType = sourcecode.c.objc; path = GFCalendarFreeViewController.m; sourceTree = "<group>"; };
		22B07F1F17365F74009FF4AB /* GFCalendarFestivalViewController.h */ = {isa = PBXFileReference; fileEncoding = 4; lastKnownFileType = sourcecode.c.h; path = GFCalendarFestivalViewController.h; sourceTree = "<group>"; };
		22B07F2017365F74009FF4AB /* GFCalendarFestivalViewController.m */ = {isa = PBXFileReference; fileEncoding = 4; lastKnownFileType = sourcecode.c.objc; path = GFCalendarFestivalViewController.m; sourceTree = "<group>"; };
		22C055071730F4E900A469CD /* GFCustomLabel.h */ = {isa = PBXFileReference; fileEncoding = 4; lastKnownFileType = sourcecode.c.h; path = GFCustomLabel.h; sourceTree = "<group>"; };
		22C055081730F4E900A469CD /* GFCustomLabel.m */ = {isa = PBXFileReference; fileEncoding = 4; lastKnownFileType = sourcecode.c.objc; path = GFCustomLabel.m; sourceTree = "<group>"; };
		22C0550A1730F60700A469CD /* GFCustomYellowLabel.h */ = {isa = PBXFileReference; fileEncoding = 4; lastKnownFileType = sourcecode.c.h; path = GFCustomYellowLabel.h; sourceTree = "<group>"; };
		22C0550B1730F60700A469CD /* GFCustomYellowLabel.m */ = {isa = PBXFileReference; fileEncoding = 4; lastKnownFileType = sourcecode.c.objc; path = GFCustomYellowLabel.m; sourceTree = "<group>"; };
		22C0550D1730FCFB00A469CD /* cellbackground.png */ = {isa = PBXFileReference; lastKnownFileType = image.png; path = cellbackground.png; sourceTree = "<group>"; };
		22C0550E1730FCFB00A469CD /* cellbackground@2x.png */ = {isa = PBXFileReference; lastKnownFileType = image.png; path = "cellbackground@2x.png"; sourceTree = "<group>"; };
		22C924D017350F6B00C4BF81 /* PTN77F.ttf */ = {isa = PBXFileReference; lastKnownFileType = file; path = PTN77F.ttf; sourceTree = "<group>"; };
		22C924D2173517A400C4BF81 /* home.png */ = {isa = PBXFileReference; lastKnownFileType = image.png; path = home.png; sourceTree = "<group>"; };
		22C924DC1735392C00C4BF81 /* GFPoiMapViewController.h */ = {isa = PBXFileReference; fileEncoding = 4; lastKnownFileType = sourcecode.c.h; path = GFPoiMapViewController.h; sourceTree = "<group>"; };
		22C924DD1735392C00C4BF81 /* GFPoiMapViewController.m */ = {isa = PBXFileReference; fileEncoding = 4; lastKnownFileType = sourcecode.c.objc; path = GFPoiMapViewController.m; sourceTree = "<group>"; };
		22C924DF17353D0A00C4BF81 /* MapKit.framework */ = {isa = PBXFileReference; lastKnownFileType = wrapper.framework; name = MapKit.framework; path = System/Library/Frameworks/MapKit.framework; sourceTree = SDKROOT; };
		22C924E117363C8B00C4BF81 /* GFAboutViewController.h */ = {isa = PBXFileReference; fileEncoding = 4; lastKnownFileType = sourcecode.c.h; path = GFAboutViewController.h; sourceTree = "<group>"; };
		22C924E217363C8B00C4BF81 /* GFAboutViewController.m */ = {isa = PBXFileReference; fileEncoding = 4; lastKnownFileType = sourcecode.c.objc; path = GFAboutViewController.m; sourceTree = "<group>"; };
		22C924E41736403500C4BF81 /* GFSettingsViewController.h */ = {isa = PBXFileReference; fileEncoding = 4; lastKnownFileType = sourcecode.c.h; path = GFSettingsViewController.h; sourceTree = "<group>"; };
		22C924E51736403500C4BF81 /* GFSettingsViewController.m */ = {isa = PBXFileReference; fileEncoding = 4; lastKnownFileType = sourcecode.c.objc; path = GFSettingsViewController.m; sourceTree = "<group>"; };
		22CFEC4F173B936400C48AAE /* CoreData.framework */ = {isa = PBXFileReference; lastKnownFileType = wrapper.framework; name = CoreData.framework; path = System/Library/Frameworks/CoreData.framework; sourceTree = SDKROOT; };
		22CFEC53173B940D00C48AAE /* Events.xcdatamodel */ = {isa = PBXFileReference; lastKnownFileType = wrapper.xcdatamodel; path = Events.xcdatamodel; sourceTree = "<group>"; };
		22FA40C7173F7C46009B3B01 /* GFMenu.h */ = {isa = PBXFileReference; fileEncoding = 4; lastKnownFileType = sourcecode.c.h; path = GFMenu.h; sourceTree = "<group>"; };
		22FA40C8173F7C46009B3B01 /* GFMenu.m */ = {isa = PBXFileReference; fileEncoding = 4; lastKnownFileType = sourcecode.c.objc; path = GFMenu.m; sourceTree = "<group>"; };
		22FA40CA173F8C46009B3B01 /* GFCustomCell.h */ = {isa = PBXFileReference; fileEncoding = 4; lastKnownFileType = sourcecode.c.h; path = GFCustomCell.h; sourceTree = "<group>"; };
		22FA40CB173F8C46009B3B01 /* GFCustomCell.m */ = {isa = PBXFileReference; fileEncoding = 4; lastKnownFileType = sourcecode.c.objc; path = GFCustomCell.m; sourceTree = "<group>"; };
		22FA40CD173FA475009B3B01 /* GFParkingsCustomCell.h */ = {isa = PBXFileReference; fileEncoding = 4; lastKnownFileType = sourcecode.c.h; path = GFParkingsCustomCell.h; sourceTree = "<group>"; };
		22FA40CE173FA475009B3B01 /* GFParkingsCustomCell.m */ = {isa = PBXFileReference; fileEncoding = 4; lastKnownFileType = sourcecode.c.objc; path = GFParkingsCustomCell.m; sourceTree = "<group>"; };
		22FA40D3173FAAD5009B3B01 /* GFPracticalViewController.h */ = {isa = PBXFileReference; fileEncoding = 4; lastKnownFileType = sourcecode.c.h; path = GFPracticalViewController.h; sourceTree = "<group>"; };
		22FA40D4173FAAD5009B3B01 /* GFPracticalViewController.m */ = {isa = PBXFileReference; fileEncoding = 4; lastKnownFileType = sourcecode.c.objc; path = GFPracticalViewController.m; sourceTree = "<group>"; };
		59D57EEDD53C439285FA0C8D /* Pods.xcconfig */ = {isa = PBXFileReference; includeInIndex = 1; lastKnownFileType = text.xcconfig; name = Pods.xcconfig; path = Pods/Pods.xcconfig; sourceTree = SOURCE_ROOT; };
		FCD991ADD3EF40AD8F394E1A /* libPods.a */ = {isa = PBXFileReference; explicitFileType = archive.ar; includeInIndex = 0; path = libPods.a; sourceTree = BUILT_PRODUCTS_DIR; };
/* End PBXFileReference section */

/* Begin PBXFrameworksBuildPhase section */
		22AD52E41730324400EC5009 /* Frameworks */ = {
			isa = PBXFrameworksBuildPhase;
			buildActionMask = 2147483647;
			files = (
				22213F02173D415600672634 /* SystemConfiguration.framework in Frameworks */,
				22CFEC50173B936400C48AAE /* CoreData.framework in Frameworks */,
				22B07F1817365DBC009FF4AB /* QuartzCore.framework in Frameworks */,
				22C924E017353D0A00C4BF81 /* MapKit.framework in Frameworks */,
				22AD52EB1730324400EC5009 /* UIKit.framework in Frameworks */,
				22AD52ED1730324400EC5009 /* Foundation.framework in Frameworks */,
				22AD52EF1730324400EC5009 /* CoreGraphics.framework in Frameworks */,
				47F4B48CE43B4A1C971368DB /* libPods.a in Frameworks */,
			);
			runOnlyForDeploymentPostprocessing = 0;
		};
/* End PBXFrameworksBuildPhase section */

/* Begin PBXGroup section */
		22AD52DE1730324300EC5009 = {
			isa = PBXGroup;
			children = (
				22AD52F01730324400EC5009 /* Gentse Feesten 2013 */,
				22AD530B1730336D00EC5009 /* Resources */,
				22AD52E91730324400EC5009 /* Frameworks */,
				22AD52E81730324400EC5009 /* Products */,
				59D57EEDD53C439285FA0C8D /* Pods.xcconfig */,
			);
			sourceTree = "<group>";
		};
		22AD52E81730324400EC5009 /* Products */ = {
			isa = PBXGroup;
			children = (
				22AD52E71730324400EC5009 /* Gentse Feesten 2013.app */,
			);
			name = Products;
			sourceTree = "<group>";
		};
		22AD52E91730324400EC5009 /* Frameworks */ = {
			isa = PBXGroup;
			children = (
				22213F01173D415600672634 /* SystemConfiguration.framework */,
				22C924DF17353D0A00C4BF81 /* MapKit.framework */,
				22B07F1717365DBC009FF4AB /* QuartzCore.framework */,
				22CFEC4F173B936400C48AAE /* CoreData.framework */,
				22AD52EA1730324400EC5009 /* UIKit.framework */,
				22AD52EC1730324400EC5009 /* Foundation.framework */,
				22AD52EE1730324400EC5009 /* CoreGraphics.framework */,
				FCD991ADD3EF40AD8F394E1A /* libPods.a */,
			);
			name = Frameworks;
			sourceTree = "<group>";
		};
		22AD52F01730324400EC5009 /* Gentse Feesten 2013 */ = {
			isa = PBXGroup;
			children = (
				22CFEC51173B93CD00C48AAE /* DataModel */,
				22AD53081730331800EC5009 /* Models */,
				22AD53091730332800EC5009 /* Views */,
				22AD530A1730334100EC5009 /* Controllers */,
				22AD5307173032FB00EC5009 /* AppDelegate */,
				22AD52F11730324400EC5009 /* Supporting Files */,
			);
			path = "Gentse Feesten 2013";
			sourceTree = "<group>";
		};
		22AD52F11730324400EC5009 /* Supporting Files */ = {
			isa = PBXGroup;
			children = (
				22213F19173E559B00672634 /* back.png */,
				22213F1A173E559B00672634 /* back@2x.png */,
				22213F15173E511C00672634 /* tableBottom.png */,
				22213F16173E511C00672634 /* tableTop.png */,
				22C924D017350F6B00C4BF81 /* PTN77F.ttf */,
				221E5BA31730D778000B9A9C /* PTN57F.ttf */,
				22AD52F21730324400EC5009 /* Gentse Feesten 2013-Info.plist */,
				22AD52F31730324400EC5009 /* InfoPlist.strings */,
				22AD52F61730324400EC5009 /* main.m */,
				22AD52F81730324400EC5009 /* Gentse Feesten 2013-Prefix.pch */,
				22AD52FC1730324400EC5009 /* Default.png */,
				22AD52FE1730324400EC5009 /* Default@2x.png */,
				22AD53001730324400EC5009 /* Default-568h@2x.png */,
				22AD5317173036F900EC5009 /* GFGlobal.h */,
			);
			name = "Supporting Files";
			sourceTree = "<group>";
		};
		22AD5307173032FB00EC5009 /* AppDelegate */ = {
			isa = PBXGroup;
			children = (
				22AD52F91730324400EC5009 /* GFAppDelegate.h */,
				22AD52FA1730324400EC5009 /* GFAppDelegate.m */,
			);
			name = AppDelegate;
			sourceTree = "<group>";
		};
		22AD53081730331800EC5009 /* Models */ = {
			isa = PBXGroup;
			children = (
				22213F10173E255D00672634 /* GFAPIClient.h */,
				22213F11173E255D00672634 /* GFAPIClient.m */,
				22FA40C7173F7C46009B3B01 /* GFMenu.h */,
				22FA40C8173F7C46009B3B01 /* GFMenu.m */,
			);
			path = Models;
			sourceTree = "<group>";
		};
		22AD53091730332800EC5009 /* Views */ = {
			isa = PBXGroup;
			children = (
				22AD53181730378900EC5009 /* GFCustomNavBar.h */,
				22AD53191730378900EC5009 /* GFCustomNavBar.m */,
				22AD531A1730378900EC5009 /* GFCustomToolBar.h */,
				22AD531B1730378900EC5009 /* GFCustomToolBar.m */,
				22C055071730F4E900A469CD /* GFCustomLabel.h */,
				22C055081730F4E900A469CD /* GFCustomLabel.m */,
				22C0550A1730F60700A469CD /* GFCustomYellowLabel.h */,
				22C0550B1730F60700A469CD /* GFCustomYellowLabel.m */,
				22FA40CA173F8C46009B3B01 /* GFCustomCell.h */,
				22FA40CB173F8C46009B3B01 /* GFCustomCell.m */,
				22FA40CD173FA475009B3B01 /* GFParkingsCustomCell.h */,
				22FA40CE173FA475009B3B01 /* GFParkingsCustomCell.m */,
			);
			path = Views;
			sourceTree = "<group>";
		};
		22AD530A1730334100EC5009 /* Controllers */ = {
			isa = PBXGroup;
			children = (
				22AD530D1730345400EC5009 /* GFCustomViewController.h */,
				22AD530E1730345400EC5009 /* GFCustomViewController.m */,
				22AD53101730347700EC5009 /* GFMenuViewController.h */,
				22AD53111730347700EC5009 /* GFMenuViewController.m */,
				22AD53141730349800EC5009 /* GFNavigationViewController.h */,
				22AD53151730349800EC5009 /* GFNavigationViewController.m */,
				22AD53261730406F00EC5009 /* GFHomeViewController.h */,
				22AD53271730406F00EC5009 /* GFHomeViewController.m */,
				22C924DC1735392C00C4BF81 /* GFPoiMapViewController.h */,
				22C924DD1735392C00C4BF81 /* GFPoiMapViewController.m */,
				22C924E117363C8B00C4BF81 /* GFAboutViewController.h */,
				22C924E217363C8B00C4BF81 /* GFAboutViewController.m */,
				22C924E41736403500C4BF81 /* GFSettingsViewController.h */,
				22C924E51736403500C4BF81 /* GFSettingsViewController.m */,
				22AD53291730463900EC5009 /* GFFavoritesViewController.h */,
				22AD532A1730463900EC5009 /* GFFavoritesViewController.m */,
				22B07F1117364F47009FF4AB /* GFFavoritesModalViewController.h */,
				22B07F1217364F47009FF4AB /* GFFavoritesModalViewController.m */,
				22B07F1417365139009FF4AB /* GFProgramViewController.h */,
				22B07F1517365139009FF4AB /* GFProgramViewController.m */,
				22B07F1917365F41009FF4AB /* GFCalendarCategoryViewController.h */,
				22B07F1A17365F41009FF4AB /* GFCalendarCategoryViewController.m */,
				22B07F1C17365F5E009FF4AB /* GFCalendarFreeViewController.h */,
				22B07F1D17365F5E009FF4AB /* GFCalendarFreeViewController.m */,
				22B07F1F17365F74009FF4AB /* GFCalendarFestivalViewController.h */,
				22B07F2017365F74009FF4AB /* GFCalendarFestivalViewController.m */,
				22213F0D173E201A00672634 /* GFParkingListViewController.h */,
				22213F0E173E201A00672634 /* GFParkingListViewController.m */,
				22213F1D173E5B8600672634 /* GFParkingDetailViewController.h */,
				22213F1E173E5B8600672634 /* GFParkingDetailViewController.m */,
				22FA40D3173FAAD5009B3B01 /* GFPracticalViewController.h */,
				22FA40D4173FAAD5009B3B01 /* GFPracticalViewController.m */,
			);
			path = Controllers;
			sourceTree = "<group>";
		};
		22AD530B1730336D00EC5009 /* Resources */ = {
			isa = PBXGroup;
			children = (
				22AD530C1730339400EC5009 /* Images */,
			);
			path = Resources;
			sourceTree = "<group>";
		};
		22AD530C1730339400EC5009 /* Images */ = {
			isa = PBXGroup;
			children = (
				22213F13173E4F2600672634 /* selectedBack.png */,
				22213F0B173D514700672634 /* menu_about.png */,
				22213F05173D509100672634 /* menu_favorites.png */,
				22213F06173D509100672634 /* menu_home.png */,
				22213F07173D509100672634 /* menu_program.png */,
				224E9CB9173CC6F000F53410 /* Default.png */,
				224E9CB7173CC6EB00F53410 /* Default@2x.png */,
				224E9CB5173CC6E500F53410 /* Default-568h@2x.png */,
				224E9CAF173CC61700F53410 /* icon@2x.png */,
				224E9CAD173CC61200F53410 /* icon.png */,
				22C924D2173517A400C4BF81 /* home.png */,
				22C0550D1730FCFB00A469CD /* cellbackground.png */,
				22C0550E1730FCFB00A469CD /* cellbackground@2x.png */,
				22AD531E1730403900EC5009 /* fav.png */,
				22AD531F1730403900EC5009 /* fav@2x.png */,
				22AD53201730403900EC5009 /* list.png */,
				22AD53211730403900EC5009 /* list@2x.png */,
			);
			path = Images;
			sourceTree = "<group>";
		};
		22CFEC51173B93CD00C48AAE /* DataModel */ = {
			isa = PBXGroup;
			children = (
				22CFEC52173B940D00C48AAE /* Events.xcdatamodeld */,
			);
			path = DataModel;
			sourceTree = "<group>";
		};
/* End PBXGroup section */

/* Begin PBXNativeTarget section */
		22AD52E61730324400EC5009 /* Gentse Feesten 2013 */ = {
			isa = PBXNativeTarget;
			buildConfigurationList = 22AD53041730324400EC5009 /* Build configuration list for PBXNativeTarget "Gentse Feesten 2013" */;
			buildPhases = (
				22AD52E31730324400EC5009 /* Sources */,
				22AD52E41730324400EC5009 /* Frameworks */,
				22AD52E51730324400EC5009 /* Resources */,
				38702EFF584244A48B5D8DED /* Copy Pods Resources */,
			);
			buildRules = (
			);
			dependencies = (
			);
			name = "Gentse Feesten 2013";
			productName = "Gentse Feesten 2013";
			productReference = 22AD52E71730324400EC5009 /* Gentse Feesten 2013.app */;
			productType = "com.apple.product-type.application";
		};
/* End PBXNativeTarget section */

/* Begin PBXProject section */
		22AD52DF1730324300EC5009 /* Project object */ = {
			isa = PBXProject;
			attributes = {
				CLASSPREFIX = GF;
				LastUpgradeCheck = 0460;
				ORGANIZATIONNAME = "Tim Leytens";
			};
			buildConfigurationList = 22AD52E21730324300EC5009 /* Build configuration list for PBXProject "Gentse Feesten 2013" */;
			compatibilityVersion = "Xcode 3.2";
			developmentRegion = English;
			hasScannedForEncodings = 0;
			knownRegions = (
				en,
			);
			mainGroup = 22AD52DE1730324300EC5009;
			productRefGroup = 22AD52E81730324400EC5009 /* Products */;
			projectDirPath = "";
			projectRoot = "";
			targets = (
				22AD52E61730324400EC5009 /* Gentse Feesten 2013 */,
			);
		};
/* End PBXProject section */

/* Begin PBXResourcesBuildPhase section */
		22AD52E51730324400EC5009 /* Resources */ = {
			isa = PBXResourcesBuildPhase;
			buildActionMask = 2147483647;
			files = (
				22AD52F51730324400EC5009 /* InfoPlist.strings in Resources */,
				22AD52FD1730324400EC5009 /* Default.png in Resources */,
				22AD52FF1730324400EC5009 /* Default@2x.png in Resources */,
				22AD53011730324400EC5009 /* Default-568h@2x.png in Resources */,
				22AD53221730403900EC5009 /* fav.png in Resources */,
				22AD53231730403900EC5009 /* fav@2x.png in Resources */,
				22AD53241730403900EC5009 /* list.png in Resources */,
				22AD53251730403900EC5009 /* list@2x.png in Resources */,
				221E5BA41730D778000B9A9C /* PTN57F.ttf in Resources */,
				22C0550F1730FCFB00A469CD /* cellbackground.png in Resources */,
				22C055101730FCFB00A469CD /* cellbackground@2x.png in Resources */,
				22C924D117350F6B00C4BF81 /* PTN77F.ttf in Resources */,
				22C924D3173517A400C4BF81 /* home.png in Resources */,
				224E9CAE173CC61200F53410 /* icon.png in Resources */,
				224E9CB0173CC61700F53410 /* icon@2x.png in Resources */,
				224E9CB6173CC6E500F53410 /* Default-568h@2x.png in Resources */,
				224E9CB8173CC6EB00F53410 /* Default@2x.png in Resources */,
				224E9CBA173CC6F000F53410 /* Default.png in Resources */,
				22213F08173D509100672634 /* menu_favorites.png in Resources */,
				22213F09173D509100672634 /* menu_home.png in Resources */,
				22213F0A173D509100672634 /* menu_program.png in Resources */,
				22213F0C173D514700672634 /* menu_about.png in Resources */,
				22213F14173E4F2600672634 /* selectedBack.png in Resources */,
				22213F17173E511C00672634 /* tableBottom.png in Resources */,
				22213F18173E511C00672634 /* tableTop.png in Resources */,
				22213F1B173E559C00672634 /* back.png in Resources */,
				22213F1C173E559C00672634 /* back@2x.png in Resources */,
			);
			runOnlyForDeploymentPostprocessing = 0;
		};
/* End PBXResourcesBuildPhase section */

/* Begin PBXShellScriptBuildPhase section */
		38702EFF584244A48B5D8DED /* Copy Pods Resources */ = {
			isa = PBXShellScriptBuildPhase;
			buildActionMask = 2147483647;
			files = (
			);
			inputPaths = (
			);
			name = "Copy Pods Resources";
			outputPaths = (
			);
			runOnlyForDeploymentPostprocessing = 0;
			shellPath = /bin/sh;
			shellScript = "\"${SRCROOT}/Pods/Pods-resources.sh\"\n";
		};
/* End PBXShellScriptBuildPhase section */

/* Begin PBXSourcesBuildPhase section */
		22AD52E31730324400EC5009 /* Sources */ = {
			isa = PBXSourcesBuildPhase;
			buildActionMask = 2147483647;
			files = (
				22AD52F71730324400EC5009 /* main.m in Sources */,
				22AD52FB1730324400EC5009 /* GFAppDelegate.m in Sources */,
				22AD530F1730345400EC5009 /* GFCustomViewController.m in Sources */,
				22AD53121730347700EC5009 /* GFMenuViewController.m in Sources */,
				22AD53161730349800EC5009 /* GFNavigationViewController.m in Sources */,
				22AD531C1730378900EC5009 /* GFCustomNavBar.m in Sources */,
				22AD531D1730378900EC5009 /* GFCustomToolBar.m in Sources */,
				22AD53281730406F00EC5009 /* GFHomeViewController.m in Sources */,
				22AD532B1730463900EC5009 /* GFFavoritesViewController.m in Sources */,
				22C055091730F4E900A469CD /* GFCustomLabel.m in Sources */,
				22C0550C1730F60700A469CD /* GFCustomYellowLabel.m in Sources */,
				22C924DE1735392C00C4BF81 /* GFPoiMapViewController.m in Sources */,
				22C924E317363C8B00C4BF81 /* GFAboutViewController.m in Sources */,
				22C924E61736403600C4BF81 /* GFSettingsViewController.m in Sources */,
				22B07F1317364F47009FF4AB /* GFFavoritesModalViewController.m in Sources */,
				22B07F1617365139009FF4AB /* GFProgramViewController.m in Sources */,
				22B07F1B17365F41009FF4AB /* GFCalendarCategoryViewController.m in Sources */,
				22B07F1E17365F5E009FF4AB /* GFCalendarFreeViewController.m in Sources */,
				22B07F2117365F74009FF4AB /* GFCalendarFestivalViewController.m in Sources */,
				22CFEC54173B940D00C48AAE /* Events.xcdatamodeld in Sources */,
				22213F0F173E201A00672634 /* GFParkingListViewController.m in Sources */,
				22213F12173E255D00672634 /* GFAPIClient.m in Sources */,
				22213F1F173E5B8700672634 /* GFParkingDetailViewController.m in Sources */,
				22FA40C9173F7C46009B3B01 /* GFMenu.m in Sources */,
				22FA40CC173F8C46009B3B01 /* GFCustomCell.m in Sources */,
				22FA40CF173FA475009B3B01 /* GFParkingsCustomCell.m in Sources */,
				22FA40D5173FAAD5009B3B01 /* GFPracticalViewController.m in Sources */,
			);
			runOnlyForDeploymentPostprocessing = 0;
		};
/* End PBXSourcesBuildPhase section */

/* Begin PBXVariantGroup section */
		22AD52F31730324400EC5009 /* InfoPlist.strings */ = {
			isa = PBXVariantGroup;
			children = (
				22AD52F41730324400EC5009 /* en */,
			);
			name = InfoPlist.strings;
			sourceTree = "<group>";
		};
/* End PBXVariantGroup section */

/* Begin XCBuildConfiguration section */
		22AD53021730324400EC5009 /* Debug */ = {
			isa = XCBuildConfiguration;
			buildSettings = {
				ALWAYS_SEARCH_USER_PATHS = NO;
				CLANG_CXX_LANGUAGE_STANDARD = "gnu++0x";
				CLANG_CXX_LIBRARY = "libc++";
				CLANG_ENABLE_OBJC_ARC = YES;
				CLANG_WARN_CONSTANT_CONVERSION = YES;
				CLANG_WARN_EMPTY_BODY = YES;
				CLANG_WARN_ENUM_CONVERSION = YES;
				CLANG_WARN_INT_CONVERSION = YES;
				CLANG_WARN__DUPLICATE_METHOD_MATCH = YES;
				"CODE_SIGN_IDENTITY[sdk=iphoneos*]" = "iPhone Developer";
				COPY_PHASE_STRIP = NO;
				GCC_C_LANGUAGE_STANDARD = gnu99;
				GCC_DYNAMIC_NO_PIC = NO;
				GCC_OPTIMIZATION_LEVEL = 0;
				GCC_PREPROCESSOR_DEFINITIONS = (
					"DEBUG=1",
					"$(inherited)",
				);
				GCC_SYMBOLS_PRIVATE_EXTERN = NO;
				GCC_WARN_ABOUT_RETURN_TYPE = YES;
				GCC_WARN_UNINITIALIZED_AUTOS = YES;
				GCC_WARN_UNUSED_VARIABLE = YES;
				IPHONEOS_DEPLOYMENT_TARGET = 6.1;
				ONLY_ACTIVE_ARCH = YES;
				SDKROOT = iphoneos;
			};
			name = Debug;
		};
		22AD53031730324400EC5009 /* Release */ = {
			isa = XCBuildConfiguration;
			buildSettings = {
				ALWAYS_SEARCH_USER_PATHS = NO;
				CLANG_CXX_LANGUAGE_STANDARD = "gnu++0x";
				CLANG_CXX_LIBRARY = "libc++";
				CLANG_ENABLE_OBJC_ARC = YES;
				CLANG_WARN_CONSTANT_CONVERSION = YES;
				CLANG_WARN_EMPTY_BODY = YES;
				CLANG_WARN_ENUM_CONVERSION = YES;
				CLANG_WARN_INT_CONVERSION = YES;
				CLANG_WARN__DUPLICATE_METHOD_MATCH = YES;
				"CODE_SIGN_IDENTITY[sdk=iphoneos*]" = "iPhone Developer";
				COPY_PHASE_STRIP = YES;
				GCC_C_LANGUAGE_STANDARD = gnu99;
				GCC_WARN_ABOUT_RETURN_TYPE = YES;
				GCC_WARN_UNINITIALIZED_AUTOS = YES;
				GCC_WARN_UNUSED_VARIABLE = YES;
				IPHONEOS_DEPLOYMENT_TARGET = 6.1;
				OTHER_CFLAGS = "-DNS_BLOCK_ASSERTIONS=1";
				SDKROOT = iphoneos;
				VALIDATE_PRODUCT = YES;
			};
			name = Release;
		};
		22AD53051730324400EC5009 /* Debug */ = {
			isa = XCBuildConfiguration;
			baseConfigurationReference = 59D57EEDD53C439285FA0C8D /* Pods.xcconfig */;
			buildSettings = {
				GCC_PRECOMPILE_PREFIX_HEADER = YES;
				GCC_PREFIX_HEADER = "Gentse Feesten 2013/Gentse Feesten 2013-Prefix.pch";
				INFOPLIST_FILE = "Gentse Feesten 2013/Gentse Feesten 2013-Info.plist";
				IPHONEOS_DEPLOYMENT_TARGET = 5.0;
				PRODUCT_NAME = "$(TARGET_NAME)";
				WRAPPER_EXTENSION = app;
			};
			name = Debug;
		};
		22AD53061730324400EC5009 /* Release */ = {
			isa = XCBuildConfiguration;
			baseConfigurationReference = 59D57EEDD53C439285FA0C8D /* Pods.xcconfig */;
			buildSettings = {
				GCC_PRECOMPILE_PREFIX_HEADER = YES;
				GCC_PREFIX_HEADER = "Gentse Feesten 2013/Gentse Feesten 2013-Prefix.pch";
				INFOPLIST_FILE = "Gentse Feesten 2013/Gentse Feesten 2013-Info.plist";
				IPHONEOS_DEPLOYMENT_TARGET = 5.0;
				PRODUCT_NAME = "$(TARGET_NAME)";
				WRAPPER_EXTENSION = app;
			};
			name = Release;
		};
		22AD532C17304B9100EC5009 /* Adhoc */ = {
			isa = XCBuildConfiguration;
			buildSettings = {
				ALWAYS_SEARCH_USER_PATHS = NO;
				CLANG_CXX_LANGUAGE_STANDARD = "gnu++0x";
				CLANG_CXX_LIBRARY = "libc++";
				CLANG_ENABLE_OBJC_ARC = YES;
				CLANG_WARN_CONSTANT_CONVERSION = YES;
				CLANG_WARN_EMPTY_BODY = YES;
				CLANG_WARN_ENUM_CONVERSION = YES;
				CLANG_WARN_INT_CONVERSION = YES;
				CLANG_WARN__DUPLICATE_METHOD_MATCH = YES;
				"CODE_SIGN_IDENTITY[sdk=iphoneos*]" = "iPhone Distribution: Tim Leytens";
				COPY_PHASE_STRIP = YES;
				GCC_C_LANGUAGE_STANDARD = gnu99;
				GCC_WARN_ABOUT_RETURN_TYPE = YES;
				GCC_WARN_UNINITIALIZED_AUTOS = YES;
				GCC_WARN_UNUSED_VARIABLE = YES;
				IPHONEOS_DEPLOYMENT_TARGET = 6.1;
				OTHER_CFLAGS = "-DNS_BLOCK_ASSERTIONS=1";
				"PROVISIONING_PROFILE[sdk=iphoneos*]" = "B6F58A18-2DDD-4EBC-B428-9D5B8E1EF784";
				SDKROOT = iphoneos;
				VALIDATE_PRODUCT = YES;
			};
			name = Adhoc;
		};
		22AD532D17304B9100EC5009 /* Adhoc */ = {
			isa = XCBuildConfiguration;
			baseConfigurationReference = 59D57EEDD53C439285FA0C8D /* Pods.xcconfig */;
			buildSettings = {
				CODE_SIGN_IDENTITY = "iPhone Distribution: Tim Leytens";
				"CODE_SIGN_IDENTITY[sdk=iphoneos*]" = "iPhone Distribution: Tim Leytens";
				GCC_PRECOMPILE_PREFIX_HEADER = YES;
				GCC_PREFIX_HEADER = "Gentse Feesten 2013/Gentse Feesten 2013-Prefix.pch";
				INFOPLIST_FILE = "Gentse Feesten 2013/Gentse Feesten 2013-Info.plist";
				IPHONEOS_DEPLOYMENT_TARGET = 5.0;
				PRODUCT_NAME = "$(TARGET_NAME)";
				PROVISIONING_PROFILE = "2FDC08DD-F675-439A-971A-5A98B51DBA0B";
				"PROVISIONING_PROFILE[sdk=iphoneos*]" = "2FDC08DD-F675-439A-971A-5A98B51DBA0B";
				WRAPPER_EXTENSION = app;
			};
			name = Adhoc;
		};
/* End XCBuildConfiguration section */

/* Begin XCConfigurationList section */
		22AD52E21730324300EC5009 /* Build configuration list for PBXProject "Gentse Feesten 2013" */ = {
			isa = XCConfigurationList;
			buildConfigurations = (
				22AD53021730324400EC5009 /* Debug */,
				22AD53031730324400EC5009 /* Release */,
				22AD532C17304B9100EC5009 /* Adhoc */,
			);
			defaultConfigurationIsVisible = 0;
			defaultConfigurationName = Release;
		};
		22AD53041730324400EC5009 /* Build configuration list for PBXNativeTarget "Gentse Feesten 2013" */ = {
			isa = XCConfigurationList;
			buildConfigurations = (
				22AD53051730324400EC5009 /* Debug */,
				22AD53061730324400EC5009 /* Release */,
				22AD532D17304B9100EC5009 /* Adhoc */,
			);
			defaultConfigurationIsVisible = 0;
			defaultConfigurationName = Release;
		};
/* End XCConfigurationList section */

/* Begin XCVersionGroup section */
		22CFEC52173B940D00C48AAE /* Events.xcdatamodeld */ = {
			isa = XCVersionGroup;
			children = (
				22CFEC53173B940D00C48AAE /* Events.xcdatamodel */,
			);
			currentVersion = 22CFEC53173B940D00C48AAE /* Events.xcdatamodel */;
			path = Events.xcdatamodeld;
			sourceTree = "<group>";
			versionGroupType = wrapper.xcdatamodel;
		};
/* End XCVersionGroup section */
	};
	rootObject = 22AD52DF1730324300EC5009 /* Project object */;
}
