// !$*UTF8*$!
{
	archiveVersion = 1;
	classes = {
	};
	objectVersion = 46;
	objects = {

/* Begin PBXBuildFile section */
		22AD52EB1730324400EC5009 /* UIKit.framework in Frameworks */ = {isa = PBXBuildFile; fileRef = 22AD52EA1730324400EC5009 /* UIKit.framework */; };
		22AD52ED1730324400EC5009 /* Foundation.framework in Frameworks */ = {isa = PBXBuildFile; fileRef = 22AD52EC1730324400EC5009 /* Foundation.framework */; };
		22AD52EF1730324400EC5009 /* CoreGraphics.framework in Frameworks */ = {isa = PBXBuildFile; fileRef = 22AD52EE1730324400EC5009 /* CoreGraphics.framework */; };
		22AD52F51730324400EC5009 /* InfoPlist.strings in Resources */ = {isa = PBXBuildFile; fileRef = 22AD52F31730324400EC5009 /* InfoPlist.strings */; };
		22AD52F71730324400EC5009 /* main.m in Sources */ = {isa = PBXBuildFile; fileRef = 22AD52F61730324400EC5009 /* main.m */; };
		22AD52FB1730324400EC5009 /* GFAppDelegate.m in Sources */ = {isa = PBXBuildFile; fileRef = 22AD52FA1730324400EC5009 /* GFAppDelegate.m */; };
		22AD52FD1730324400EC5009 /* Default.png in Resources */ = {isa = PBXBuildFile; fileRef = 22AD52FC1730324400EC5009 /* Default.png */; };
		22AD52FF1730324400EC5009 /* Default@2x.png in Resources */ = {isa = PBXBuildFile; fileRef = 22AD52FE1730324400EC5009 /* Default@2x.png */; };
		22AD53011730324400EC5009 /* Default-568h@2x.png in Resources */ = {isa = PBXBuildFile; fileRef = 22AD53001730324400EC5009 /* Default-568h@2x.png */; };
/* End PBXBuildFile section */

/* Begin PBXFileReference section */
		22AD52E71730324400EC5009 /* Gentse Feesten 2013.app */ = {isa = PBXFileReference; explicitFileType = wrapper.application; includeInIndex = 0; path = "Gentse Feesten 2013.app"; sourceTree = BUILT_PRODUCTS_DIR; };
		22AD52EA1730324400EC5009 /* UIKit.framework */ = {isa = PBXFileReference; lastKnownFileType = wrapper.framework; name = UIKit.framework; path = System/Library/Frameworks/UIKit.framework; sourceTree = SDKROOT; };
		22AD52EC1730324400EC5009 /* Foundation.framework */ = {isa = PBXFileReference; lastKnownFileType = wrapper.framework; name = Foundation.framework; path = System/Library/Frameworks/Foundation.framework; sourceTree = SDKROOT; };
		22AD52EE1730324400EC5009 /* CoreGraphics.framework */ = {isa = PBXFileReference; lastKnownFileType = wrapper.framework; name = CoreGraphics.framework; path = System/Library/Frameworks/CoreGraphics.framework; sourceTree = SDKROOT; };
		22AD52F21730324400EC5009 /* Gentse Feesten 2013-Info.plist */ = {isa = PBXFileReference; lastKnownFileType = text.plist.xml; path = "Gentse Feesten 2013-Info.plist"; sourceTree = "<group>"; };
		22AD52F41730324400EC5009 /* en */ = {isa = PBXFileReference; lastKnownFileType = text.plist.strings; name = en; path = en.lproj/InfoPlist.strings; sourceTree = "<group>"; };
		22AD52F61730324400EC5009 /* main.m */ = {isa = PBXFileReference; lastKnownFileType = sourcecode.c.objc; path = main.m; sourceTree = "<group>"; };
		22AD52F81730324400EC5009 /* Gentse Feesten 2013-Prefix.pch */ = {isa = PBXFileReference; lastKnownFileType = sourcecode.c.h; path = "Gentse Feesten 2013-Prefix.pch"; sourceTree = "<group>"; };
		22AD52F91730324400EC5009 /* GFAppDelegate.h */ = {isa = PBXFileReference; lastKnownFileType = sourcecode.c.h; path = GFAppDelegate.h; sourceTree = "<group>"; };
		22AD52FA1730324400EC5009 /* GFAppDelegate.m */ = {isa = PBXFileReference; lastKnownFileType = sourcecode.c.objc; path = GFAppDelegate.m; sourceTree = "<group>"; };
		22AD52FC1730324400EC5009 /* Default.png */ = {isa = PBXFileReference; lastKnownFileType = image.png; path = Default.png; sourceTree = "<group>"; };
		22AD52FE1730324400EC5009 /* Default@2x.png */ = {isa = PBXFileReference; lastKnownFileType = image.png; path = "Default@2x.png"; sourceTree = "<group>"; };
		22AD53001730324400EC5009 /* Default-568h@2x.png */ = {isa = PBXFileReference; lastKnownFileType = image.png; path = "Default-568h@2x.png"; sourceTree = "<group>"; };
/* End PBXFileReference section */

/* Begin PBXFrameworksBuildPhase section */
		22AD52E41730324400EC5009 /* Frameworks */ = {
			isa = PBXFrameworksBuildPhase;
			buildActionMask = 2147483647;
			files = (
				22AD52EB1730324400EC5009 /* UIKit.framework in Frameworks */,
				22AD52ED1730324400EC5009 /* Foundation.framework in Frameworks */,
				22AD52EF1730324400EC5009 /* CoreGraphics.framework in Frameworks */,
			);
			runOnlyForDeploymentPostprocessing = 0;
		};
/* End PBXFrameworksBuildPhase section */

/* Begin PBXGroup section */
		22AD52DE1730324300EC5009 = {
			isa = PBXGroup;
			children = (
				22AD52F01730324400EC5009 /* Gentse Feesten 2013 */,
				22AD52E91730324400EC5009 /* Frameworks */,
				22AD52E81730324400EC5009 /* Products */,
			);
			sourceTree = "<group>";
		};
		22AD52E81730324400EC5009 /* Products */ = {
			isa = PBXGroup;
			children = (
				22AD52E71730324400EC5009 /* Gentse Feesten 2013.app */,
			);
			name = Products;
			sourceTree = "<group>";
		};
		22AD52E91730324400EC5009 /* Frameworks */ = {
			isa = PBXGroup;
			children = (
				22AD52EA1730324400EC5009 /* UIKit.framework */,
				22AD52EC1730324400EC5009 /* Foundation.framework */,
				22AD52EE1730324400EC5009 /* CoreGraphics.framework */,
			);
			name = Frameworks;
			sourceTree = "<group>";
		};
		22AD52F01730324400EC5009 /* Gentse Feesten 2013 */ = {
			isa = PBXGroup;
			children = (
				22AD52F91730324400EC5009 /* GFAppDelegate.h */,
				22AD52FA1730324400EC5009 /* GFAppDelegate.m */,
				22AD52F11730324400EC5009 /* Supporting Files */,
			);
			path = "Gentse Feesten 2013";
			sourceTree = "<group>";
		};
		22AD52F11730324400EC5009 /* Supporting Files */ = {
			isa = PBXGroup;
			children = (
				22AD52F21730324400EC5009 /* Gentse Feesten 2013-Info.plist */,
				22AD52F31730324400EC5009 /* InfoPlist.strings */,
				22AD52F61730324400EC5009 /* main.m */,
				22AD52F81730324400EC5009 /* Gentse Feesten 2013-Prefix.pch */,
				22AD52FC1730324400EC5009 /* Default.png */,
				22AD52FE1730324400EC5009 /* Default@2x.png */,
				22AD53001730324400EC5009 /* Default-568h@2x.png */,
			);
			name = "Supporting Files";
			sourceTree = "<group>";
		};
/* End PBXGroup section */

/* Begin PBXNativeTarget section */
		22AD52E61730324400EC5009 /* Gentse Feesten 2013 */ = {
			isa = PBXNativeTarget;
			buildConfigurationList = 22AD53041730324400EC5009 /* Build configuration list for PBXNativeTarget "Gentse Feesten 2013" */;
			buildPhases = (
				22AD52E31730324400EC5009 /* Sources */,
				22AD52E41730324400EC5009 /* Frameworks */,
				22AD52E51730324400EC5009 /* Resources */,
			);
			buildRules = (
			);
			dependencies = (
			);
			name = "Gentse Feesten 2013";
			productName = "Gentse Feesten 2013";
			productReference = 22AD52E71730324400EC5009 /* Gentse Feesten 2013.app */;
			productType = "com.apple.product-type.application";
		};
/* End PBXNativeTarget section */

/* Begin PBXProject section */
		22AD52DF1730324300EC5009 /* Project object */ = {
			isa = PBXProject;
			attributes = {
				CLASSPREFIX = GF;
				LastUpgradeCheck = 0460;
				ORGANIZATIONNAME = "Tim Leytens";
			};
			buildConfigurationList = 22AD52E21730324300EC5009 /* Build configuration list for PBXProject "Gentse Feesten 2013" */;
			compatibilityVersion = "Xcode 3.2";
			developmentRegion = English;
			hasScannedForEncodings = 0;
			knownRegions = (
				en,
			);
			mainGroup = 22AD52DE1730324300EC5009;
			productRefGroup = 22AD52E81730324400EC5009 /* Products */;
			projectDirPath = "";
			projectRoot = "";
			targets = (
				22AD52E61730324400EC5009 /* Gentse Feesten 2013 */,
			);
		};
/* End PBXProject section */

/* Begin PBXResourcesBuildPhase section */
		22AD52E51730324400EC5009 /* Resources */ = {
			isa = PBXResourcesBuildPhase;
			buildActionMask = 2147483647;
			files = (
				22AD52F51730324400EC5009 /* InfoPlist.strings in Resources */,
				22AD52FD1730324400EC5009 /* Default.png in Resources */,
				22AD52FF1730324400EC5009 /* Default@2x.png in Resources */,
				22AD53011730324400EC5009 /* Default-568h@2x.png in Resources */,
			);
			runOnlyForDeploymentPostprocessing = 0;
		};
/* End PBXResourcesBuildPhase section */

/* Begin PBXSourcesBuildPhase section */
		22AD52E31730324400EC5009 /* Sources */ = {
			isa = PBXSourcesBuildPhase;
			buildActionMask = 2147483647;
			files = (
				22AD52F71730324400EC5009 /* main.m in Sources */,
				22AD52FB1730324400EC5009 /* GFAppDelegate.m in Sources */,
			);
			runOnlyForDeploymentPostprocessing = 0;
		};
/* End PBXSourcesBuildPhase section */

/* Begin PBXVariantGroup section */
		22AD52F31730324400EC5009 /* InfoPlist.strings */ = {
			isa = PBXVariantGroup;
			children = (
				22AD52F41730324400EC5009 /* en */,
			);
			name = InfoPlist.strings;
			sourceTree = "<group>";
		};
/* End PBXVariantGroup section */

/* Begin XCBuildConfiguration section */
		22AD53021730324400EC5009 /* Debug */ = {
			isa = XCBuildConfiguration;
			buildSettings = {
				ALWAYS_SEARCH_USER_PATHS = NO;
				CLANG_CXX_LANGUAGE_STANDARD = "gnu++0x";
				CLANG_CXX_LIBRARY = "libc++";
				CLANG_ENABLE_OBJC_ARC = YES;
				CLANG_WARN_CONSTANT_CONVERSION = YES;
				CLANG_WARN_EMPTY_BODY = YES;
				CLANG_WARN_ENUM_CONVERSION = YES;
				CLANG_WARN_INT_CONVERSION = YES;
				CLANG_WARN__DUPLICATE_METHOD_MATCH = YES;
				"CODE_SIGN_IDENTITY[sdk=iphoneos*]" = "iPhone Developer";
				COPY_PHASE_STRIP = NO;
				GCC_C_LANGUAGE_STANDARD = gnu99;
				GCC_DYNAMIC_NO_PIC = NO;
				GCC_OPTIMIZATION_LEVEL = 0;
				GCC_PREPROCESSOR_DEFINITIONS = (
					"DEBUG=1",
					"$(inherited)",
				);
				GCC_SYMBOLS_PRIVATE_EXTERN = NO;
				GCC_WARN_ABOUT_RETURN_TYPE = YES;
				GCC_WARN_UNINITIALIZED_AUTOS = YES;
				GCC_WARN_UNUSED_VARIABLE = YES;
				IPHONEOS_DEPLOYMENT_TARGET = 6.1;
				ONLY_ACTIVE_ARCH = YES;
				SDKROOT = iphoneos;
			};
			name = Debug;
		};
		22AD53031730324400EC5009 /* Release */ = {
			isa = XCBuildConfiguration;
			buildSettings = {
				ALWAYS_SEARCH_USER_PATHS = NO;
				CLANG_CXX_LANGUAGE_STANDARD = "gnu++0x";
				CLANG_CXX_LIBRARY = "libc++";
				CLANG_ENABLE_OBJC_ARC = YES;
				CLANG_WARN_CONSTANT_CONVERSION = YES;
				CLANG_WARN_EMPTY_BODY = YES;
				CLANG_WARN_ENUM_CONVERSION = YES;
				CLANG_WARN_INT_CONVERSION = YES;
				CLANG_WARN__DUPLICATE_METHOD_MATCH = YES;
				"CODE_SIGN_IDENTITY[sdk=iphoneos*]" = "iPhone Developer";
				COPY_PHASE_STRIP = YES;
				GCC_C_LANGUAGE_STANDARD = gnu99;
				GCC_WARN_ABOUT_RETURN_TYPE = YES;
				GCC_WARN_UNINITIALIZED_AUTOS = YES;
				GCC_WARN_UNUSED_VARIABLE = YES;
				IPHONEOS_DEPLOYMENT_TARGET = 6.1;
				OTHER_CFLAGS = "-DNS_BLOCK_ASSERTIONS=1";
				SDKROOT = iphoneos;
				VALIDATE_PRODUCT = YES;
			};
			name = Release;
		};
		22AD53051730324400EC5009 /* Debug */ = {
			isa = XCBuildConfiguration;
			buildSettings = {
				GCC_PRECOMPILE_PREFIX_HEADER = YES;
				GCC_PREFIX_HEADER = "Gentse Feesten 2013/Gentse Feesten 2013-Prefix.pch";
				INFOPLIST_FILE = "Gentse Feesten 2013/Gentse Feesten 2013-Info.plist";
				PRODUCT_NAME = "$(TARGET_NAME)";
				WRAPPER_EXTENSION = app;
			};
			name = Debug;
		};
		22AD53061730324400EC5009 /* Release */ = {
			isa = XCBuildConfiguration;
			buildSettings = {
				GCC_PRECOMPILE_PREFIX_HEADER = YES;
				GCC_PREFIX_HEADER = "Gentse Feesten 2013/Gentse Feesten 2013-Prefix.pch";
				INFOPLIST_FILE = "Gentse Feesten 2013/Gentse Feesten 2013-Info.plist";
				PRODUCT_NAME = "$(TARGET_NAME)";
				WRAPPER_EXTENSION = app;
			};
			name = Release;
		};
/* End XCBuildConfiguration section */

/* Begin XCConfigurationList section */
		22AD52E21730324300EC5009 /* Build configuration list for PBXProject "Gentse Feesten 2013" */ = {
			isa = XCConfigurationList;
			buildConfigurations = (
				22AD53021730324400EC5009 /* Debug */,
				22AD53031730324400EC5009 /* Release */,
			);
			defaultConfigurationIsVisible = 0;
			defaultConfigurationName = Release;
		};
		22AD53041730324400EC5009 /* Build configuration list for PBXNativeTarget "Gentse Feesten 2013" */ = {
			isa = XCConfigurationList;
			buildConfigurations = (
				22AD53051730324400EC5009 /* Debug */,
				22AD53061730324400EC5009 /* Release */,
			);
			defaultConfigurationIsVisible = 0;
		};
/* End XCConfigurationList section */
	};
	rootObject = 22AD52DF1730324300EC5009 /* Project object */;
}
